
Microsoft Visual Studio Solution File, Format Version 12.00
# Visual Studio Version 17
VisualStudioVersion = 17.1.32210.238
MinimumVisualStudioVersion = 10.0.40219.1
Project("{2150E333-8FDC-42A3-9474-1A3956D46DE8}") = "src", "src", "{0B8BF047-8DBB-4FBE-B0F6-985F82556B85}"
EndProject
Project("{6EC3EE1D-3C4E-46DD-8F32-0CC8E7565705}") = "parser", "src\parser\parser.fsproj", "{48AEA2DE-E637-4B93-AFEC-A47D6DC87716}"
EndProject
Project("{2150E333-8FDC-42A3-9474-1A3956D46DE8}") = "test", "test", "{50F2E63E-9F81-4234-B06C-D7603E7B4E4C}"
EndProject
Project("{6EC3EE1D-3C4E-46DD-8F32-0CC8E7565705}") = "parser_tests", "test\parser_tests\parser_tests.fsproj", "{222C050E-55A0-4F0E-9299-A4C663A6E526}"
EndProject
Global
	GlobalSection(SolutionConfigurationPlatforms) = preSolution
		Debug|Any CPU = Debug|Any CPU
		Release|Any CPU = Release|Any CPU
	EndGlobalSection
	GlobalSection(ProjectConfigurationPlatforms) = postSolution
		{48AEA2DE-E637-4B93-AFEC-A47D6DC87716}.Debug|Any CPU.ActiveCfg = Debug|Any CPU
		{48AEA2DE-E637-4B93-AFEC-A47D6DC87716}.Debug|Any CPU.Build.0 = Debug|Any CPU
		{48AEA2DE-E637-4B93-AFEC-A47D6DC87716}.Release|Any CPU.ActiveCfg = Release|Any CPU
		{48AEA2DE-E637-4B93-AFEC-A47D6DC87716}.Release|Any CPU.Build.0 = Release|Any CPU
		{222C050E-55A0-4F0E-9299-A4C663A6E526}.Debug|Any CPU.ActiveCfg = Debug|Any CPU
		{222C050E-55A0-4F0E-9299-A4C663A6E526}.Debug|Any CPU.Build.0 = Debug|Any CPU
		{222C050E-55A0-4F0E-9299-A4C663A6E526}.Release|Any CPU.ActiveCfg = Release|Any CPU
		{222C050E-55A0-4F0E-9299-A4C663A6E526}.Release|Any CPU.Build.0 = Release|Any CPU
	EndGlobalSection
	GlobalSection(SolutionProperties) = preSolution
		HideSolutionNode = FALSE
	EndGlobalSection
	GlobalSection(NestedProjects) = preSolution
		{48AEA2DE-E637-4B93-AFEC-A47D6DC87716} = {0B8BF047-8DBB-4FBE-B0F6-985F82556B85}
		{222C050E-55A0-4F0E-9299-A4C663A6E526} = {50F2E63E-9F81-4234-B06C-D7603E7B4E4C}
	EndGlobalSection
	GlobalSection(ExtensibilityGlobals) = postSolution
		SolutionGuid = {EE86374C-85E4-4F23-B020-17B3F222DA9A}
	EndGlobalSection
EndGlobal
